
Microsoft Visual Studio Solution File, Format Version 12.00
# Visual Studio Version 17
VisualStudioVersion = 17.0.31903.59
MinimumVisualStudioVersion = 10.0.40219.1
Project("{2150E333-8FDC-42A3-9474-1A3956D46DE8}") = "src", "src", "{827E0CD3-B72D-47B6-A68D-7590B98EB39B}"
EndProject
Project("{FAE04EC0-301F-11D3-BF4B-00C04F79EFBC}") = "SignalEngine.Domain", "src\SignalEngine.Domain\SignalEngine.Domain.csproj", "{B148B87A-D72B-4AA0-A329-EB986E6CFDCD}"
EndProject
Project("{FAE04EC0-301F-11D3-BF4B-00C04F79EFBC}") = "SignalEngine.Application", "src\SignalEngine.Application\SignalEngine.Application.csproj", "{0D0E575F-C788-4BE7-8331-6A207711B8BD}"
EndProject
Project("{FAE04EC0-301F-11D3-BF4B-00C04F79EFBC}") = "SignalEngine.Infrastructure", "src\SignalEngine.Infrastructure\SignalEngine.Infrastructure.csproj", "{F7BA4F36-2149-454B-82B7-6F415089DF83}"
EndProject
Project("{FAE04EC0-301F-11D3-BF4B-00C04F79EFBC}") = "SignalEngine.SystemApi", "src\SignalEngine.SystemApi\SignalEngine.SystemApi.csproj", "{BEE693DE-C8E4-4562-B9BF-F6B1B0E7C5E2}"
EndProject
Project("{FAE04EC0-301F-11D3-BF4B-00C04F79EFBC}") = "SignalEngine.IdentityServer", "src\SignalEngine.IdentityServer\SignalEngine.IdentityServer.csproj", "{D9830599-F4AF-4E16-9F53-B8ECA16ADCF5}"
EndProject
Project("{2150E333-8FDC-42A3-9474-1A3956D46DE8}") = "tests", "tests", "{0AB3BF05-4346-4AA6-1389-037BE0695223}"
EndProject
Project("{FAE04EC0-301F-11D3-BF4B-00C04F79EFBC}") = "SignalEngine.Domain.Tests", "tests\SignalEngine.Domain.Tests\SignalEngine.Domain.Tests.csproj", "{C03E73BF-0E5C-4DA7-87F1-F9C184DB97F4}"
EndProject
Project("{FAE04EC0-301F-11D3-BF4B-00C04F79EFBC}") = "SignalEngine.Application.Tests", "tests\SignalEngine.Application.Tests\SignalEngine.Application.Tests.csproj", "{19693A80-DD74-45D4-A081-57F7B2FD3A5E}"
EndProject
Project("{FAE04EC0-301F-11D3-BF4B-00C04F79EFBC}") = "SignalEngine.SystemApi.Tests", "tests\SignalEngine.SystemApi.Tests\SignalEngine.SystemApi.Tests.csproj", "{3294FAED-8403-4E49-9029-FA17F2514E47}"
EndProject
Project("{FAE04EC0-301F-11D3-BF4B-00C04F79EFBC}") = "SignalEngine.IdentityServer.Tests", "tests\SignalEngine.IdentityServer.Tests\SignalEngine.IdentityServer.Tests.csproj", "{592A7F18-DC25-4E87-9CFC-873797604398}"
EndProject
Project("{FAE04EC0-301F-11D3-BF4B-00C04F79EFBC}") = "SignalEngine.Worker", "src\SignalEngine.Worker\SignalEngine.Worker.csproj", "{C7721232-F58B-4148-97E2-A5076A981D81}"
EndProject
Project("{FAE04EC0-301F-11D3-BF4B-00C04F79EFBC}") = "SignalEngine.Worker.Tests", "tests\SignalEngine.Worker.Tests\SignalEngine.Worker.Tests.csproj", "{B0F38C11-141A-4465-AE4C-40382180F1D7}"
EndProject
Global
	GlobalSection(SolutionConfigurationPlatforms) = preSolution
		Debug|Any CPU = Debug|Any CPU
		Debug|x64 = Debug|x64
		Debug|x86 = Debug|x86
		Release|Any CPU = Release|Any CPU
		Release|x64 = Release|x64
		Release|x86 = Release|x86
	EndGlobalSection
	GlobalSection(ProjectConfigurationPlatforms) = postSolution
		{B148B87A-D72B-4AA0-A329-EB986E6CFDCD}.Debug|Any CPU.ActiveCfg = Debug|Any CPU
		{B148B87A-D72B-4AA0-A329-EB986E6CFDCD}.Debug|Any CPU.Build.0 = Debug|Any CPU
		{B148B87A-D72B-4AA0-A329-EB986E6CFDCD}.Debug|x64.ActiveCfg = Debug|Any CPU
		{B148B87A-D72B-4AA0-A329-EB986E6CFDCD}.Debug|x64.Build.0 = Debug|Any CPU
		{B148B87A-D72B-4AA0-A329-EB986E6CFDCD}.Debug|x86.ActiveCfg = Debug|Any CPU
		{B148B87A-D72B-4AA0-A329-EB986E6CFDCD}.Debug|x86.Build.0 = Debug|Any CPU
		{B148B87A-D72B-4AA0-A329-EB986E6CFDCD}.Release|Any CPU.ActiveCfg = Release|Any CPU
		{B148B87A-D72B-4AA0-A329-EB986E6CFDCD}.Release|Any CPU.Build.0 = Release|Any CPU
		{B148B87A-D72B-4AA0-A329-EB986E6CFDCD}.Release|x64.ActiveCfg = Release|Any CPU
		{B148B87A-D72B-4AA0-A329-EB986E6CFDCD}.Release|x64.Build.0 = Release|Any CPU
		{B148B87A-D72B-4AA0-A329-EB986E6CFDCD}.Release|x86.ActiveCfg = Release|Any CPU
		{B148B87A-D72B-4AA0-A329-EB986E6CFDCD}.Release|x86.Build.0 = Release|Any CPU
		{0D0E575F-C788-4BE7-8331-6A207711B8BD}.Debug|Any CPU.ActiveCfg = Debug|Any CPU
		{0D0E575F-C788-4BE7-8331-6A207711B8BD}.Debug|Any CPU.Build.0 = Debug|Any CPU
		{0D0E575F-C788-4BE7-8331-6A207711B8BD}.Debug|x64.ActiveCfg = Debug|Any CPU
		{0D0E575F-C788-4BE7-8331-6A207711B8BD}.Debug|x64.Build.0 = Debug|Any CPU
		{0D0E575F-C788-4BE7-8331-6A207711B8BD}.Debug|x86.ActiveCfg = Debug|Any CPU
		{0D0E575F-C788-4BE7-8331-6A207711B8BD}.Debug|x86.Build.0 = Debug|Any CPU
		{0D0E575F-C788-4BE7-8331-6A207711B8BD}.Release|Any CPU.ActiveCfg = Release|Any CPU
		{0D0E575F-C788-4BE7-8331-6A207711B8BD}.Release|Any CPU.Build.0 = Release|Any CPU
		{0D0E575F-C788-4BE7-8331-6A207711B8BD}.Release|x64.ActiveCfg = Release|Any CPU
		{0D0E575F-C788-4BE7-8331-6A207711B8BD}.Release|x64.Build.0 = Release|Any CPU
		{0D0E575F-C788-4BE7-8331-6A207711B8BD}.Release|x86.ActiveCfg = Release|Any CPU
		{0D0E575F-C788-4BE7-8331-6A207711B8BD}.Release|x86.Build.0 = Release|Any CPU
		{F7BA4F36-2149-454B-82B7-6F415089DF83}.Debug|Any CPU.ActiveCfg = Debug|Any CPU
		{F7BA4F36-2149-454B-82B7-6F415089DF83}.Debug|Any CPU.Build.0 = Debug|Any CPU
		{F7BA4F36-2149-454B-82B7-6F415089DF83}.Debug|x64.ActiveCfg = Debug|Any CPU
		{F7BA4F36-2149-454B-82B7-6F415089DF83}.Debug|x64.Build.0 = Debug|Any CPU
		{F7BA4F36-2149-454B-82B7-6F415089DF83}.Debug|x86.ActiveCfg = Debug|Any CPU
		{F7BA4F36-2149-454B-82B7-6F415089DF83}.Debug|x86.Build.0 = Debug|Any CPU
		{F7BA4F36-2149-454B-82B7-6F415089DF83}.Release|Any CPU.ActiveCfg = Release|Any CPU
		{F7BA4F36-2149-454B-82B7-6F415089DF83}.Release|Any CPU.Build.0 = Release|Any CPU
		{F7BA4F36-2149-454B-82B7-6F415089DF83}.Release|x64.ActiveCfg = Release|Any CPU
		{F7BA4F36-2149-454B-82B7-6F415089DF83}.Release|x64.Build.0 = Release|Any CPU
		{F7BA4F36-2149-454B-82B7-6F415089DF83}.Release|x86.ActiveCfg = Release|Any CPU
		{F7BA4F36-2149-454B-82B7-6F415089DF83}.Release|x86.Build.0 = Release|Any CPU
		{BEE693DE-C8E4-4562-B9BF-F6B1B0E7C5E2}.Debug|Any CPU.ActiveCfg = Debug|Any CPU
		{BEE693DE-C8E4-4562-B9BF-F6B1B0E7C5E2}.Debug|Any CPU.Build.0 = Debug|Any CPU
		{BEE693DE-C8E4-4562-B9BF-F6B1B0E7C5E2}.Debug|x64.ActiveCfg = Debug|Any CPU
		{BEE693DE-C8E4-4562-B9BF-F6B1B0E7C5E2}.Debug|x64.Build.0 = Debug|Any CPU
		{BEE693DE-C8E4-4562-B9BF-F6B1B0E7C5E2}.Debug|x86.ActiveCfg = Debug|Any CPU
		{BEE693DE-C8E4-4562-B9BF-F6B1B0E7C5E2}.Debug|x86.Build.0 = Debug|Any CPU
		{BEE693DE-C8E4-4562-B9BF-F6B1B0E7C5E2}.Release|Any CPU.ActiveCfg = Release|Any CPU
		{BEE693DE-C8E4-4562-B9BF-F6B1B0E7C5E2}.Release|Any CPU.Build.0 = Release|Any CPU
		{BEE693DE-C8E4-4562-B9BF-F6B1B0E7C5E2}.Release|x64.ActiveCfg = Release|Any CPU
		{BEE693DE-C8E4-4562-B9BF-F6B1B0E7C5E2}.Release|x64.Build.0 = Release|Any CPU
		{BEE693DE-C8E4-4562-B9BF-F6B1B0E7C5E2}.Release|x86.ActiveCfg = Release|Any CPU
		{BEE693DE-C8E4-4562-B9BF-F6B1B0E7C5E2}.Release|x86.Build.0 = Release|Any CPU
		{D9830599-F4AF-4E16-9F53-B8ECA16ADCF5}.Debug|Any CPU.ActiveCfg = Debug|Any CPU
		{D9830599-F4AF-4E16-9F53-B8ECA16ADCF5}.Debug|Any CPU.Build.0 = Debug|Any CPU
		{D9830599-F4AF-4E16-9F53-B8ECA16ADCF5}.Debug|x64.ActiveCfg = Debug|Any CPU
		{D9830599-F4AF-4E16-9F53-B8ECA16ADCF5}.Debug|x64.Build.0 = Debug|Any CPU
		{D9830599-F4AF-4E16-9F53-B8ECA16ADCF5}.Debug|x86.ActiveCfg = Debug|Any CPU
		{D9830599-F4AF-4E16-9F53-B8ECA16ADCF5}.Debug|x86.Build.0 = Debug|Any CPU
		{D9830599-F4AF-4E16-9F53-B8ECA16ADCF5}.Release|Any CPU.ActiveCfg = Release|Any CPU
		{D9830599-F4AF-4E16-9F53-B8ECA16ADCF5}.Release|Any CPU.Build.0 = Release|Any CPU
		{D9830599-F4AF-4E16-9F53-B8ECA16ADCF5}.Release|x64.ActiveCfg = Release|Any CPU
		{D9830599-F4AF-4E16-9F53-B8ECA16ADCF5}.Release|x64.Build.0 = Release|Any CPU
		{D9830599-F4AF-4E16-9F53-B8ECA16ADCF5}.Release|x86.ActiveCfg = Release|Any CPU
		{D9830599-F4AF-4E16-9F53-B8ECA16ADCF5}.Release|x86.Build.0 = Release|Any CPU
		{C03E73BF-0E5C-4DA7-87F1-F9C184DB97F4}.Debug|Any CPU.ActiveCfg = Debug|Any CPU
		{C03E73BF-0E5C-4DA7-87F1-F9C184DB97F4}.Debug|Any CPU.Build.0 = Debug|Any CPU
		{C03E73BF-0E5C-4DA7-87F1-F9C184DB97F4}.Debug|x64.ActiveCfg = Debug|Any CPU
		{C03E73BF-0E5C-4DA7-87F1-F9C184DB97F4}.Debug|x64.Build.0 = Debug|Any CPU
		{C03E73BF-0E5C-4DA7-87F1-F9C184DB97F4}.Debug|x86.ActiveCfg = Debug|Any CPU
		{C03E73BF-0E5C-4DA7-87F1-F9C184DB97F4}.Debug|x86.Build.0 = Debug|Any CPU
		{C03E73BF-0E5C-4DA7-87F1-F9C184DB97F4}.Release|Any CPU.ActiveCfg = Release|Any CPU
		{C03E73BF-0E5C-4DA7-87F1-F9C184DB97F4}.Release|Any CPU.Build.0 = Release|Any CPU
		{C03E73BF-0E5C-4DA7-87F1-F9C184DB97F4}.Release|x64.ActiveCfg = Release|Any CPU
		{C03E73BF-0E5C-4DA7-87F1-F9C184DB97F4}.Release|x64.Build.0 = Release|Any CPU
		{C03E73BF-0E5C-4DA7-87F1-F9C184DB97F4}.Release|x86.ActiveCfg = Release|Any CPU
		{C03E73BF-0E5C-4DA7-87F1-F9C184DB97F4}.Release|x86.Build.0 = Release|Any CPU
		{19693A80-DD74-45D4-A081-57F7B2FD3A5E}.Debug|Any CPU.ActiveCfg = Debug|Any CPU
		{19693A80-DD74-45D4-A081-57F7B2FD3A5E}.Debug|Any CPU.Build.0 = Debug|Any CPU
		{19693A80-DD74-45D4-A081-57F7B2FD3A5E}.Debug|x64.ActiveCfg = Debug|Any CPU
		{19693A80-DD74-45D4-A081-57F7B2FD3A5E}.Debug|x64.Build.0 = Debug|Any CPU
		{19693A80-DD74-45D4-A081-57F7B2FD3A5E}.Debug|x86.ActiveCfg = Debug|Any CPU
		{19693A80-DD74-45D4-A081-57F7B2FD3A5E}.Debug|x86.Build.0 = Debug|Any CPU
		{19693A80-DD74-45D4-A081-57F7B2FD3A5E}.Release|Any CPU.ActiveCfg = Release|Any CPU
		{19693A80-DD74-45D4-A081-57F7B2FD3A5E}.Release|Any CPU.Build.0 = Release|Any CPU
		{19693A80-DD74-45D4-A081-57F7B2FD3A5E}.Release|x64.ActiveCfg = Release|Any CPU
		{19693A80-DD74-45D4-A081-57F7B2FD3A5E}.Release|x64.Build.0 = Release|Any CPU
		{19693A80-DD74-45D4-A081-57F7B2FD3A5E}.Release|x86.ActiveCfg = Release|Any CPU
		{19693A80-DD74-45D4-A081-57F7B2FD3A5E}.Release|x86.Build.0 = Release|Any CPU
		{3294FAED-8403-4E49-9029-FA17F2514E47}.Debug|Any CPU.ActiveCfg = Debug|Any CPU
		{3294FAED-8403-4E49-9029-FA17F2514E47}.Debug|Any CPU.Build.0 = Debug|Any CPU
		{3294FAED-8403-4E49-9029-FA17F2514E47}.Debug|x64.ActiveCfg = Debug|Any CPU
		{3294FAED-8403-4E49-9029-FA17F2514E47}.Debug|x64.Build.0 = Debug|Any CPU
		{3294FAED-8403-4E49-9029-FA17F2514E47}.Debug|x86.ActiveCfg = Debug|Any CPU
		{3294FAED-8403-4E49-9029-FA17F2514E47}.Debug|x86.Build.0 = Debug|Any CPU
		{3294FAED-8403-4E49-9029-FA17F2514E47}.Release|Any CPU.ActiveCfg = Release|Any CPU
		{3294FAED-8403-4E49-9029-FA17F2514E47}.Release|Any CPU.Build.0 = Release|Any CPU
		{3294FAED-8403-4E49-9029-FA17F2514E47}.Release|x64.ActiveCfg = Release|Any CPU
		{3294FAED-8403-4E49-9029-FA17F2514E47}.Release|x64.Build.0 = Release|Any CPU
		{3294FAED-8403-4E49-9029-FA17F2514E47}.Release|x86.ActiveCfg = Release|Any CPU
		{3294FAED-8403-4E49-9029-FA17F2514E47}.Release|x86.Build.0 = Release|Any CPU
		{592A7F18-DC25-4E87-9CFC-873797604398}.Debug|Any CPU.ActiveCfg = Debug|Any CPU
		{592A7F18-DC25-4E87-9CFC-873797604398}.Debug|Any CPU.Build.0 = Debug|Any CPU
		{592A7F18-DC25-4E87-9CFC-873797604398}.Debug|x64.ActiveCfg = Debug|Any CPU
		{592A7F18-DC25-4E87-9CFC-873797604398}.Debug|x64.Build.0 = Debug|Any CPU
		{592A7F18-DC25-4E87-9CFC-873797604398}.Debug|x86.ActiveCfg = Debug|Any CPU
		{592A7F18-DC25-4E87-9CFC-873797604398}.Debug|x86.Build.0 = Debug|Any CPU
		{592A7F18-DC25-4E87-9CFC-873797604398}.Release|Any CPU.ActiveCfg = Release|Any CPU
		{592A7F18-DC25-4E87-9CFC-873797604398}.Release|Any CPU.Build.0 = Release|Any CPU
		{592A7F18-DC25-4E87-9CFC-873797604398}.Release|x64.ActiveCfg = Release|Any CPU
		{592A7F18-DC25-4E87-9CFC-873797604398}.Release|x64.Build.0 = Release|Any CPU
		{592A7F18-DC25-4E87-9CFC-873797604398}.Release|x86.ActiveCfg = Release|Any CPU
		{592A7F18-DC25-4E87-9CFC-873797604398}.Release|x86.Build.0 = Release|Any CPU
		{C7721232-F58B-4148-97E2-A5076A981D81}.Debug|Any CPU.ActiveCfg = Debug|Any CPU
		{C7721232-F58B-4148-97E2-A5076A981D81}.Debug|Any CPU.Build.0 = Debug|Any CPU
		{C7721232-F58B-4148-97E2-A5076A981D81}.Debug|x64.ActiveCfg = Debug|Any CPU
		{C7721232-F58B-4148-97E2-A5076A981D81}.Debug|x64.Build.0 = Debug|Any CPU
		{C7721232-F58B-4148-97E2-A5076A981D81}.Debug|x86.ActiveCfg = Debug|Any CPU
		{C7721232-F58B-4148-97E2-A5076A981D81}.Debug|x86.Build.0 = Debug|Any CPU
		{C7721232-F58B-4148-97E2-A5076A981D81}.Release|Any CPU.ActiveCfg = Release|Any CPU
		{C7721232-F58B-4148-97E2-A5076A981D81}.Release|Any CPU.Build.0 = Release|Any CPU
		{C7721232-F58B-4148-97E2-A5076A981D81}.Release|x64.ActiveCfg = Release|Any CPU
		{C7721232-F58B-4148-97E2-A5076A981D81}.Release|x64.Build.0 = Release|Any CPU
		{C7721232-F58B-4148-97E2-A5076A981D81}.Release|x86.ActiveCfg = Release|Any CPU
		{C7721232-F58B-4148-97E2-A5076A981D81}.Release|x86.Build.0 = Release|Any CPU
		{B0F38C11-141A-4465-AE4C-40382180F1D7}.Debug|Any CPU.ActiveCfg = Debug|Any CPU
		{B0F38C11-141A-4465-AE4C-40382180F1D7}.Debug|Any CPU.Build.0 = Debug|Any CPU
		{B0F38C11-141A-4465-AE4C-40382180F1D7}.Debug|x64.ActiveCfg = Debug|Any CPU
		{B0F38C11-141A-4465-AE4C-40382180F1D7}.Debug|x64.Build.0 = Debug|Any CPU
		{B0F38C11-141A-4465-AE4C-40382180F1D7}.Debug|x86.ActiveCfg = Debug|Any CPU
		{B0F38C11-141A-4465-AE4C-40382180F1D7}.Debug|x86.Build.0 = Debug|Any CPU
		{B0F38C11-141A-4465-AE4C-40382180F1D7}.Release|Any CPU.ActiveCfg = Release|Any CPU
		{B0F38C11-141A-4465-AE4C-40382180F1D7}.Release|Any CPU.Build.0 = Release|Any CPU
		{B0F38C11-141A-4465-AE4C-40382180F1D7}.Release|x64.ActiveCfg = Release|Any CPU
		{B0F38C11-141A-4465-AE4C-40382180F1D7}.Release|x64.Build.0 = Release|Any CPU
		{B0F38C11-141A-4465-AE4C-40382180F1D7}.Release|x86.ActiveCfg = Release|Any CPU
		{B0F38C11-141A-4465-AE4C-40382180F1D7}.Release|x86.Build.0 = Release|Any CPU
	EndGlobalSection
	GlobalSection(SolutionProperties) = preSolution
		HideSolutionNode = FALSE
	EndGlobalSection
	GlobalSection(NestedProjects) = preSolution
		{B148B87A-D72B-4AA0-A329-EB986E6CFDCD} = {827E0CD3-B72D-47B6-A68D-7590B98EB39B}
		{0D0E575F-C788-4BE7-8331-6A207711B8BD} = {827E0CD3-B72D-47B6-A68D-7590B98EB39B}
		{F7BA4F36-2149-454B-82B7-6F415089DF83} = {827E0CD3-B72D-47B6-A68D-7590B98EB39B}
		{BEE693DE-C8E4-4562-B9BF-F6B1B0E7C5E2} = {827E0CD3-B72D-47B6-A68D-7590B98EB39B}
		{D9830599-F4AF-4E16-9F53-B8ECA16ADCF5} = {827E0CD3-B72D-47B6-A68D-7590B98EB39B}
		{C03E73BF-0E5C-4DA7-87F1-F9C184DB97F4} = {0AB3BF05-4346-4AA6-1389-037BE0695223}
		{19693A80-DD74-45D4-A081-57F7B2FD3A5E} = {0AB3BF05-4346-4AA6-1389-037BE0695223}
		{3294FAED-8403-4E49-9029-FA17F2514E47} = {0AB3BF05-4346-4AA6-1389-037BE0695223}
		{592A7F18-DC25-4E87-9CFC-873797604398} = {0AB3BF05-4346-4AA6-1389-037BE0695223}
		{C7721232-F58B-4148-97E2-A5076A981D81} = {827E0CD3-B72D-47B6-A68D-7590B98EB39B}
		{B0F38C11-141A-4465-AE4C-40382180F1D7} = {0AB3BF05-4346-4AA6-1389-037BE0695223}
	EndGlobalSection
EndGlobal
